
Microsoft Visual Studio Solution File, Format Version 12.00
# Visual Studio Version 17
VisualStudioVersion = 17.3.32901.215
MinimumVisualStudioVersion = 10.0.40219.1
Project("{FAE04EC0-301F-11D3-BF4B-00C04F79EFBC}") = "ConsoleApp1", "ConsoleApp1\ConsoleApp1.csproj", "{D3372F9A-E5EA-46FF-826A-CEBA83CA5737}"
EndProject
Global
	GlobalSection(SolutionConfigurationPlatforms) = preSolution
		Debug|Any CPU = Debug|Any CPU
		Release|Any CPU = Release|Any CPU
	EndGlobalSection
	GlobalSection(ProjectConfigurationPlatforms) = postSolution
		{D3372F9A-E5EA-46FF-826A-CEBA83CA5737}.Debug|Any CPU.ActiveCfg = Debug|Any CPU
		{D3372F9A-E5EA-46FF-826A-CEBA83CA5737}.Debug|Any CPU.Build.0 = Debug|Any CPU
		{D3372F9A-E5EA-46FF-826A-CEBA83CA5737}.Release|Any CPU.ActiveCfg = Release|Any CPU
		{D3372F9A-E5EA-46FF-826A-CEBA83CA5737}.Release|Any CPU.Build.0 = Release|Any CPU
	EndGlobalSection
	GlobalSection(SolutionProperties) = preSolution
		HideSolutionNode = FALSE
	EndGlobalSection
	GlobalSection(ExtensibilityGlobals) = postSolution
		SolutionGuid = {9B956CE8-D95D-42E4-957D-EFF981B8A62D}
	EndGlobalSection
EndGlobal
